
Microsoft Visual Studio Solution File, Format Version 12.00
# Visual Studio Version 17
VisualStudioVersion = 17.12.35707.178
MinimumVisualStudioVersion = 10.0.40219.1
Project("{FAE04EC0-301F-11D3-BF4B-00C04F79EFBC}") = "data_types", "data_types\data_types.csproj", "{B8DB2EA4-F2EE-4893-81F7-CFDBF818AA30}"
EndProject
Project("{FAE04EC0-301F-11D3-BF4B-00C04F79EFBC}") = "variables", "variables\variables.csproj", "{256A7B6F-FADC-4D93-8B74-9D55BA0ABC46}"
EndProject
Project("{FAE04EC0-301F-11D3-BF4B-00C04F79EFBC}") = "constants", "constants\constants.csproj", "{BCE50CA2-7D5A-4750-8167-824A876E3EF6}"
EndProject
Project("{FAE04EC0-301F-11D3-BF4B-00C04F79EFBC}") = "type_casting", "type_casting\type_casting.csproj", "{06D8BEFA-F80D-4F4E-AF92-7DA31F765B13}"
EndProject
Project("{FAE04EC0-301F-11D3-BF4B-00C04F79EFBC}") = "user_input", "user_input\user_input.csproj", "{8F76D7EA-6F64-40BB-B3BF-86B69FADAE0F}"
EndProject
Project("{FAE04EC0-301F-11D3-BF4B-00C04F79EFBC}") = "string_interpolation", "string_interpolation\string_interpolation.csproj", "{6C439C39-8C5D-4177-924B-3BFF8291D4AE}"
EndProject
Project("{FAE04EC0-301F-11D3-BF4B-00C04F79EFBC}") = "foreach_loop", "foreach_loop\foreach_loop.csproj", "{6CACA0D9-366A-4ACF-8774-5399E3C2C35C}"
EndProject
Project("{FAE04EC0-301F-11D3-BF4B-00C04F79EFBC}") = "method_parameters", "method_parameters\method_parameters.csproj", "{92F5164D-751F-4D96-84C2-B4E1F89A475A}"
EndProject
Project("{FAE04EC0-301F-11D3-BF4B-00C04F79EFBC}") = "method_overloading", "method_overloading\method_overloading.csproj", "{0215BD73-01C2-407A-B189-A2F64B9F829D}"
EndProject
Project("{FAE04EC0-301F-11D3-BF4B-00C04F79EFBC}") = "params_keyword", "params_keyword\params_keyword.csproj", "{DBF4EBC2-1D28-48DD-96CC-87CDFC977E63}"
EndProject
Project("{FAE04EC0-301F-11D3-BF4B-00C04F79EFBC}") = "exception_handling", "exception_handling\exception_handling.csproj", "{9302151F-FCCE-467B-A09F-614DC5B2DFEA}"
EndProject
Project("{FAE04EC0-301F-11D3-BF4B-00C04F79EFBC}") = "ternary_operator", "ternary_operator\ternary_operator.csproj", "{E6BAFAD3-0B35-47B9-8257-609D4D51F4B0}"
EndProject
Project("{FAE04EC0-301F-11D3-BF4B-00C04F79EFBC}") = "objects", "objects\objects.csproj", "{328EBEA2-4779-44F1-BAF1-B2CDEA4C8946}"
EndProject
Project("{FAE04EC0-301F-11D3-BF4B-00C04F79EFBC}") = "constructors", "constructors\constructors.csproj", "{F3821E62-D293-4D39-B301-FB4BA89EA3DA}"
EndProject
Project("{FAE04EC0-301F-11D3-BF4B-00C04F79EFBC}") = "static_keyword", "static_keyword\static_keyword.csproj", "{2C43B59B-B3D8-4738-AF35-93F2297CE626}"
EndProject
Project("{FAE04EC0-301F-11D3-BF4B-00C04F79EFBC}") = "inheritance", "inheritance\inheritance.csproj", "{A23928E1-06DC-445D-917C-378027A233F2}"
EndProject
Global
	GlobalSection(SolutionConfigurationPlatforms) = preSolution
		Debug|Any CPU = Debug|Any CPU
		Release|Any CPU = Release|Any CPU
	EndGlobalSection
	GlobalSection(ProjectConfigurationPlatforms) = postSolution
		{B8DB2EA4-F2EE-4893-81F7-CFDBF818AA30}.Debug|Any CPU.ActiveCfg = Debug|Any CPU
		{B8DB2EA4-F2EE-4893-81F7-CFDBF818AA30}.Debug|Any CPU.Build.0 = Debug|Any CPU
		{B8DB2EA4-F2EE-4893-81F7-CFDBF818AA30}.Release|Any CPU.ActiveCfg = Release|Any CPU
		{B8DB2EA4-F2EE-4893-81F7-CFDBF818AA30}.Release|Any CPU.Build.0 = Release|Any CPU
		{256A7B6F-FADC-4D93-8B74-9D55BA0ABC46}.Debug|Any CPU.ActiveCfg = Debug|Any CPU
		{256A7B6F-FADC-4D93-8B74-9D55BA0ABC46}.Debug|Any CPU.Build.0 = Debug|Any CPU
		{256A7B6F-FADC-4D93-8B74-9D55BA0ABC46}.Release|Any CPU.ActiveCfg = Release|Any CPU
		{256A7B6F-FADC-4D93-8B74-9D55BA0ABC46}.Release|Any CPU.Build.0 = Release|Any CPU
		{BCE50CA2-7D5A-4750-8167-824A876E3EF6}.Debug|Any CPU.ActiveCfg = Debug|Any CPU
		{BCE50CA2-7D5A-4750-8167-824A876E3EF6}.Debug|Any CPU.Build.0 = Debug|Any CPU
		{BCE50CA2-7D5A-4750-8167-824A876E3EF6}.Release|Any CPU.ActiveCfg = Release|Any CPU
		{BCE50CA2-7D5A-4750-8167-824A876E3EF6}.Release|Any CPU.Build.0 = Release|Any CPU
		{06D8BEFA-F80D-4F4E-AF92-7DA31F765B13}.Debug|Any CPU.ActiveCfg = Debug|Any CPU
		{06D8BEFA-F80D-4F4E-AF92-7DA31F765B13}.Debug|Any CPU.Build.0 = Debug|Any CPU
		{06D8BEFA-F80D-4F4E-AF92-7DA31F765B13}.Release|Any CPU.ActiveCfg = Release|Any CPU
		{06D8BEFA-F80D-4F4E-AF92-7DA31F765B13}.Release|Any CPU.Build.0 = Release|Any CPU
		{8F76D7EA-6F64-40BB-B3BF-86B69FADAE0F}.Debug|Any CPU.ActiveCfg = Debug|Any CPU
		{8F76D7EA-6F64-40BB-B3BF-86B69FADAE0F}.Debug|Any CPU.Build.0 = Debug|Any CPU
		{8F76D7EA-6F64-40BB-B3BF-86B69FADAE0F}.Release|Any CPU.ActiveCfg = Release|Any CPU
		{8F76D7EA-6F64-40BB-B3BF-86B69FADAE0F}.Release|Any CPU.Build.0 = Release|Any CPU
		{6C439C39-8C5D-4177-924B-3BFF8291D4AE}.Debug|Any CPU.ActiveCfg = Debug|Any CPU
		{6C439C39-8C5D-4177-924B-3BFF8291D4AE}.Debug|Any CPU.Build.0 = Debug|Any CPU
		{6C439C39-8C5D-4177-924B-3BFF8291D4AE}.Release|Any CPU.ActiveCfg = Release|Any CPU
		{6C439C39-8C5D-4177-924B-3BFF8291D4AE}.Release|Any CPU.Build.0 = Release|Any CPU
		{6CACA0D9-366A-4ACF-8774-5399E3C2C35C}.Debug|Any CPU.ActiveCfg = Debug|Any CPU
		{6CACA0D9-366A-4ACF-8774-5399E3C2C35C}.Debug|Any CPU.Build.0 = Debug|Any CPU
		{6CACA0D9-366A-4ACF-8774-5399E3C2C35C}.Release|Any CPU.ActiveCfg = Release|Any CPU
		{6CACA0D9-366A-4ACF-8774-5399E3C2C35C}.Release|Any CPU.Build.0 = Release|Any CPU
		{92F5164D-751F-4D96-84C2-B4E1F89A475A}.Debug|Any CPU.ActiveCfg = Debug|Any CPU
		{92F5164D-751F-4D96-84C2-B4E1F89A475A}.Debug|Any CPU.Build.0 = Debug|Any CPU
		{92F5164D-751F-4D96-84C2-B4E1F89A475A}.Release|Any CPU.ActiveCfg = Release|Any CPU
		{92F5164D-751F-4D96-84C2-B4E1F89A475A}.Release|Any CPU.Build.0 = Release|Any CPU
		{0215BD73-01C2-407A-B189-A2F64B9F829D}.Debug|Any CPU.ActiveCfg = Debug|Any CPU
		{0215BD73-01C2-407A-B189-A2F64B9F829D}.Debug|Any CPU.Build.0 = Debug|Any CPU
		{0215BD73-01C2-407A-B189-A2F64B9F829D}.Release|Any CPU.ActiveCfg = Release|Any CPU
		{0215BD73-01C2-407A-B189-A2F64B9F829D}.Release|Any CPU.Build.0 = Release|Any CPU
		{DBF4EBC2-1D28-48DD-96CC-87CDFC977E63}.Debug|Any CPU.ActiveCfg = Debug|Any CPU
		{DBF4EBC2-1D28-48DD-96CC-87CDFC977E63}.Debug|Any CPU.Build.0 = Debug|Any CPU
		{DBF4EBC2-1D28-48DD-96CC-87CDFC977E63}.Release|Any CPU.ActiveCfg = Release|Any CPU
		{DBF4EBC2-1D28-48DD-96CC-87CDFC977E63}.Release|Any CPU.Build.0 = Release|Any CPU
		{9302151F-FCCE-467B-A09F-614DC5B2DFEA}.Debug|Any CPU.ActiveCfg = Debug|Any CPU
		{9302151F-FCCE-467B-A09F-614DC5B2DFEA}.Debug|Any CPU.Build.0 = Debug|Any CPU
		{9302151F-FCCE-467B-A09F-614DC5B2DFEA}.Release|Any CPU.ActiveCfg = Release|Any CPU
		{9302151F-FCCE-467B-A09F-614DC5B2DFEA}.Release|Any CPU.Build.0 = Release|Any CPU
		{E6BAFAD3-0B35-47B9-8257-609D4D51F4B0}.Debug|Any CPU.ActiveCfg = Debug|Any CPU
		{E6BAFAD3-0B35-47B9-8257-609D4D51F4B0}.Debug|Any CPU.Build.0 = Debug|Any CPU
		{E6BAFAD3-0B35-47B9-8257-609D4D51F4B0}.Release|Any CPU.ActiveCfg = Release|Any CPU
		{E6BAFAD3-0B35-47B9-8257-609D4D51F4B0}.Release|Any CPU.Build.0 = Release|Any CPU
		{328EBEA2-4779-44F1-BAF1-B2CDEA4C8946}.Debug|Any CPU.ActiveCfg = Debug|Any CPU
		{328EBEA2-4779-44F1-BAF1-B2CDEA4C8946}.Debug|Any CPU.Build.0 = Debug|Any CPU
		{328EBEA2-4779-44F1-BAF1-B2CDEA4C8946}.Release|Any CPU.ActiveCfg = Release|Any CPU
		{328EBEA2-4779-44F1-BAF1-B2CDEA4C8946}.Release|Any CPU.Build.0 = Release|Any CPU
		{F3821E62-D293-4D39-B301-FB4BA89EA3DA}.Debug|Any CPU.ActiveCfg = Debug|Any CPU
		{F3821E62-D293-4D39-B301-FB4BA89EA3DA}.Debug|Any CPU.Build.0 = Debug|Any CPU
		{F3821E62-D293-4D39-B301-FB4BA89EA3DA}.Release|Any CPU.ActiveCfg = Release|Any CPU
		{F3821E62-D293-4D39-B301-FB4BA89EA3DA}.Release|Any CPU.Build.0 = Release|Any CPU
		{2C43B59B-B3D8-4738-AF35-93F2297CE626}.Debug|Any CPU.ActiveCfg = Debug|Any CPU
		{2C43B59B-B3D8-4738-AF35-93F2297CE626}.Debug|Any CPU.Build.0 = Debug|Any CPU
		{2C43B59B-B3D8-4738-AF35-93F2297CE626}.Release|Any CPU.ActiveCfg = Release|Any CPU
		{2C43B59B-B3D8-4738-AF35-93F2297CE626}.Release|Any CPU.Build.0 = Release|Any CPU
		{A23928E1-06DC-445D-917C-378027A233F2}.Debug|Any CPU.ActiveCfg = Debug|Any CPU
		{A23928E1-06DC-445D-917C-378027A233F2}.Debug|Any CPU.Build.0 = Debug|Any CPU
		{A23928E1-06DC-445D-917C-378027A233F2}.Release|Any CPU.ActiveCfg = Release|Any CPU
		{A23928E1-06DC-445D-917C-378027A233F2}.Release|Any CPU.Build.0 = Release|Any CPU
	EndGlobalSection
	GlobalSection(SolutionProperties) = preSolution
		HideSolutionNode = FALSE
	EndGlobalSection
EndGlobal
