
Microsoft Visual Studio Solution File, Format Version 12.00
# Visual Studio Version 17
VisualStudioVersion = 17.12.35707.178
MinimumVisualStudioVersion = 10.0.40219.1
Project("{FAE04EC0-301F-11D3-BF4B-00C04F79EFBC}") = "data_types", "data_types\data_types.csproj", "{B8DB2EA4-F2EE-4893-81F7-CFDBF818AA30}"
EndProject
Project("{FAE04EC0-301F-11D3-BF4B-00C04F79EFBC}") = "variables", "variables\variables.csproj", "{256A7B6F-FADC-4D93-8B74-9D55BA0ABC46}"
EndProject
Global
	GlobalSection(SolutionConfigurationPlatforms) = preSolution
		Debug|Any CPU = Debug|Any CPU
		Release|Any CPU = Release|Any CPU
	EndGlobalSection
	GlobalSection(ProjectConfigurationPlatforms) = postSolution
		{B8DB2EA4-F2EE-4893-81F7-CFDBF818AA30}.Debug|Any CPU.ActiveCfg = Debug|Any CPU
		{B8DB2EA4-F2EE-4893-81F7-CFDBF818AA30}.Debug|Any CPU.Build.0 = Debug|Any CPU
		{B8DB2EA4-F2EE-4893-81F7-CFDBF818AA30}.Release|Any CPU.ActiveCfg = Release|Any CPU
		{B8DB2EA4-F2EE-4893-81F7-CFDBF818AA30}.Release|Any CPU.Build.0 = Release|Any CPU
		{256A7B6F-FADC-4D93-8B74-9D55BA0ABC46}.Debug|Any CPU.ActiveCfg = Debug|Any CPU
		{256A7B6F-FADC-4D93-8B74-9D55BA0ABC46}.Debug|Any CPU.Build.0 = Debug|Any CPU
		{256A7B6F-FADC-4D93-8B74-9D55BA0ABC46}.Release|Any CPU.ActiveCfg = Release|Any CPU
		{256A7B6F-FADC-4D93-8B74-9D55BA0ABC46}.Release|Any CPU.Build.0 = Release|Any CPU
	EndGlobalSection
	GlobalSection(SolutionProperties) = preSolution
		HideSolutionNode = FALSE
	EndGlobalSection
EndGlobal
